
Microsoft Visual Studio Solution File, Format Version 12.00
# Visual Studio Version 17
VisualStudioVersion = 17.3.32929.385
MinimumVisualStudioVersion = 10.0.40219.1
Project("{FAE04EC0-301F-11D3-BF4B-00C04F79EFBC}") = "Blog.Web", "Blog.Web\Blog.Web.csproj", "{C8117426-0B16-4B9F-95F6-A1E126CB45BE}"
EndProject
Project("{FAE04EC0-301F-11D3-BF4B-00C04F79EFBC}") = "Blog.Entity", "Blog.Entity\Blog.Entity.csproj", "{FA7195BB-50FF-4B91-8316-B83C2F677B6A}"
EndProject
Project("{FAE04EC0-301F-11D3-BF4B-00C04F79EFBC}") = "Blog.Data", "Blog.Data\Blog.Data.csproj", "{D77BDDBF-8FFA-4749-BBF3-7B092D895773}"
EndProject
Project("{FAE04EC0-301F-11D3-BF4B-00C04F79EFBC}") = "Blog.Service", "Blog.Service\Blog.Service.csproj", "{4AC6D3D0-EB5A-449B-AED0-CB80FA7DA50E}"
EndProject
Project("{FAE04EC0-301F-11D3-BF4B-00C04F79EFBC}") = "Blog.Core", "Blog.Core\Blog.Core.csproj", "{8A7A82B3-FA6C-4C35-BA3F-FDA400B8F892}"
EndProject
Global
	GlobalSection(SolutionConfigurationPlatforms) = preSolution
		Debug|Any CPU = Debug|Any CPU
		Release|Any CPU = Release|Any CPU
	EndGlobalSection
	GlobalSection(ProjectConfigurationPlatforms) = postSolution
		{C8117426-0B16-4B9F-95F6-A1E126CB45BE}.Debug|Any CPU.ActiveCfg = Debug|Any CPU
		{C8117426-0B16-4B9F-95F6-A1E126CB45BE}.Debug|Any CPU.Build.0 = Debug|Any CPU
		{C8117426-0B16-4B9F-95F6-A1E126CB45BE}.Release|Any CPU.ActiveCfg = Release|Any CPU
		{C8117426-0B16-4B9F-95F6-A1E126CB45BE}.Release|Any CPU.Build.0 = Release|Any CPU
		{FA7195BB-50FF-4B91-8316-B83C2F677B6A}.Debug|Any CPU.ActiveCfg = Debug|Any CPU
		{FA7195BB-50FF-4B91-8316-B83C2F677B6A}.Debug|Any CPU.Build.0 = Debug|Any CPU
		{FA7195BB-50FF-4B91-8316-B83C2F677B6A}.Release|Any CPU.ActiveCfg = Release|Any CPU
		{FA7195BB-50FF-4B91-8316-B83C2F677B6A}.Release|Any CPU.Build.0 = Release|Any CPU
		{D77BDDBF-8FFA-4749-BBF3-7B092D895773}.Debug|Any CPU.ActiveCfg = Debug|Any CPU
		{D77BDDBF-8FFA-4749-BBF3-7B092D895773}.Debug|Any CPU.Build.0 = Debug|Any CPU
		{D77BDDBF-8FFA-4749-BBF3-7B092D895773}.Release|Any CPU.ActiveCfg = Release|Any CPU
		{D77BDDBF-8FFA-4749-BBF3-7B092D895773}.Release|Any CPU.Build.0 = Release|Any CPU
		{4AC6D3D0-EB5A-449B-AED0-CB80FA7DA50E}.Debug|Any CPU.ActiveCfg = Debug|Any CPU
		{4AC6D3D0-EB5A-449B-AED0-CB80FA7DA50E}.Debug|Any CPU.Build.0 = Debug|Any CPU
		{4AC6D3D0-EB5A-449B-AED0-CB80FA7DA50E}.Release|Any CPU.ActiveCfg = Release|Any CPU
		{4AC6D3D0-EB5A-449B-AED0-CB80FA7DA50E}.Release|Any CPU.Build.0 = Release|Any CPU
		{8A7A82B3-FA6C-4C35-BA3F-FDA400B8F892}.Debug|Any CPU.ActiveCfg = Debug|Any CPU
		{8A7A82B3-FA6C-4C35-BA3F-FDA400B8F892}.Debug|Any CPU.Build.0 = Debug|Any CPU
		{8A7A82B3-FA6C-4C35-BA3F-FDA400B8F892}.Release|Any CPU.ActiveCfg = Release|Any CPU
		{8A7A82B3-FA6C-4C35-BA3F-FDA400B8F892}.Release|Any CPU.Build.0 = Release|Any CPU
	EndGlobalSection
	GlobalSection(SolutionProperties) = preSolution
		HideSolutionNode = FALSE
	EndGlobalSection
	GlobalSection(ExtensibilityGlobals) = postSolution
		SolutionGuid = {1CD349A9-5B66-44CE-B159-651394A726D6}
	EndGlobalSection
EndGlobal
